{
  "name": "furby-connect-world-frida",
  "version": "1.0.0",
  "lockfileVersion": 3,
  "requires": true,
  "packages": {
    "": {
      "name": "furby-connect-world-frida",
      "version": "1.0.0",
      "license": "ISC",
      "dependencies": {
        "frida-il2cpp-bridge": "^0.8.5"
      },
      "devDependencies": {
        "typescript": "^5.1.6"
      }
    },
    "node_modules/frida-il2cpp-bridge": {
      "version": "0.8.5",
      "resolved": "https://registry.npmjs.org/frida-il2cpp-bridge/-/frida-il2cpp-bridge-0.8.5.tgz",
      "integrity": "sha512-qNDjYtF1Jh9Q2NCktR3FPPCN8A3+rMduf3EM8f53jhvcqCxVKwXFG5/Ig8Oy6mp4W2PrX3zfKGyg7H5nGzHjGg=="
    },
    "node_modules/typescript": {
      "version": "5.1.6",
      "resolved": "https://registry.npmjs.org/typescript/-/typescript-5.1.6.tgz",
      "integrity": "sha512-zaWCozRZ6DLEWAWFrVDz1H6FVXzUSfTy5FUMWsQlU8Ym5JP9eO4xkTIROFCQvhQf61z6O/G6ugw3SgAnvvm+HA==",
      "dev": true,
      "bin": {
        "tsc": "bin/tsc",
        "tsserver": "bin/tsserver"
      },
      "engines": {
        "node": ">=14.17"
      }
    }
  }
}
